// !$*UTF8*$!
{
	archiveVersion = 1;
	classes = {
	};
	objectVersion = 46;
	objects = {

/* Begin PBXBuildFile section */
		2D1EAFD21BEFC50D006AA9A0 /* utilities.swift in Sources */ = {isa = PBXBuildFile; fileRef = 2D1EAFD11BEFC50D006AA9A0 /* utilities.swift */; };
		2D1EAFD31BEFC50D006AA9A0 /* utilities.swift in Sources */ = {isa = PBXBuildFile; fileRef = 2D1EAFD11BEFC50D006AA9A0 /* utilities.swift */; };
		2D2395D01CA0A80E003C2A65 /* multipart_form_builder.swift in Sources */ = {isa = PBXBuildFile; fileRef = 2D2395CF1CA0A80E003C2A65 /* multipart_form_builder.swift */; };
		2D2395D11CA0A80E003C2A65 /* multipart_form_builder.swift in Sources */ = {isa = PBXBuildFile; fileRef = 2D2395CF1CA0A80E003C2A65 /* multipart_form_builder.swift */; };
		2D763D451BC355E600AD8CA9 /* MultipartDataBuilder.h in Headers */ = {isa = PBXBuildFile; fileRef = 2DD5B7921B1B7C9100238EA1 /* MultipartDataBuilder.h */; settings = {ATTRIBUTES = (Public, ); }; };
		2D84CC741CBD2C2900E6EC4A /* input_stream_hash.swift in Sources */ = {isa = PBXBuildFile; fileRef = 2D84CC731CBD2C2900E6EC4A /* input_stream_hash.swift */; };
		2DA112961CC29D8900B5D1C4 /* read_stream.swift in Sources */ = {isa = PBXBuildFile; fileRef = 2DA112951CC29D8900B5D1C4 /* read_stream.swift */; };
		2DA112991CC3B84D00B5D1C4 /* input_stream_hash_spec.swift in Sources */ = {isa = PBXBuildFile; fileRef = 2DA112971CC3B77000B5D1C4 /* input_stream_hash_spec.swift */; };
		2DBAA74E1CC0E666007F02FB /* multipart_field.swift in Sources */ = {isa = PBXBuildFile; fileRef = 2DBAA74D1CC0E666007F02FB /* multipart_field.swift */; };
		2DBAA7501CC0E747007F02FB /* multipart_static_field.swift in Sources */ = {isa = PBXBuildFile; fileRef = 2DBAA74F1CC0E747007F02FB /* multipart_static_field.swift */; };
		2DBAA7521CC0E771007F02FB /* multipart_asset_field.swift in Sources */ = {isa = PBXBuildFile; fileRef = 2DBAA7511CC0E771007F02FB /* multipart_asset_field.swift */; };
		2DBAA7541CC0E86C007F02FB /* chunk_datasource.swift in Sources */ = {isa = PBXBuildFile; fileRef = 2DBAA7531CC0E86C007F02FB /* chunk_datasource.swift */; };
		2DBAA7561CC0EF52007F02FB /* multipart_data_field.swift in Sources */ = {isa = PBXBuildFile; fileRef = 2DBAA7551CC0EF52007F02FB /* multipart_data_field.swift */; };
		2DBAA7581CC0F02C007F02FB /* multipart_stream_field.swift in Sources */ = {isa = PBXBuildFile; fileRef = 2DBAA7571CC0F02C007F02FB /* multipart_stream_field.swift */; };
		2DD5B7931B1B7C9100238EA1 /* MultipartDataBuilder.h in Headers */ = {isa = PBXBuildFile; fileRef = 2DD5B7921B1B7C9100238EA1 /* MultipartDataBuilder.h */; settings = {ATTRIBUTES = (Public, ); }; };
		2DD5B7991B1B7C9100238EA1 /* MultipartDataBuilder.framework in Frameworks */ = {isa = PBXBuildFile; fileRef = 2DD5B78D1B1B7C9100238EA1 /* MultipartDataBuilder.framework */; };
		2DD5B7A01B1B7C9100238EA1 /* multipart_form_spec.swift in Sources */ = {isa = PBXBuildFile; fileRef = 2DD5B79F1B1B7C9100238EA1 /* multipart_form_spec.swift */; };
		2DD5B7CA1B1B7D5E00238EA1 /* Nimble.framework in Frameworks */ = {isa = PBXBuildFile; fileRef = 2DD5B7C81B1B7D5E00238EA1 /* Nimble.framework */; };
		2DD5B7CB1B1B7D5E00238EA1 /* Quick.framework in Frameworks */ = {isa = PBXBuildFile; fileRef = 2DD5B7C91B1B7D5E00238EA1 /* Quick.framework */; };
		2DD5B7CF1B1B7DC600238EA1 /* multipart_form.swift in Sources */ = {isa = PBXBuildFile; fileRef = 2DD5B7CE1B1B7DC600238EA1 /* multipart_form.swift */; };
		2DD5B7D01B1B7DC600238EA1 /* multipart_form.swift in Sources */ = {isa = PBXBuildFile; fileRef = 2DD5B7CE1B1B7DC600238EA1 /* multipart_form.swift */; };
		2DD5B7D21B1B7E3600238EA1 /* NSCharacterSet+MIME.swift in Sources */ = {isa = PBXBuildFile; fileRef = 2DD5B7D11B1B7E3600238EA1 /* NSCharacterSet+MIME.swift */; };
		2DD5B7D31B1B7E3600238EA1 /* NSCharacterSet+MIME.swift in Sources */ = {isa = PBXBuildFile; fileRef = 2DD5B7D11B1B7E3600238EA1 /* NSCharacterSet+MIME.swift */; };
		2DD5B7D61B1B7FEB00238EA1 /* NSCharacterSet+MIME.swift in Sources */ = {isa = PBXBuildFile; fileRef = 2DD5B7D11B1B7E3600238EA1 /* NSCharacterSet+MIME.swift */; };
		2DD5B7D91B1B805F00238EA1 /* Nimble.framework in Copy Frameworks */ = {isa = PBXBuildFile; fileRef = 2DD5B7C81B1B7D5E00238EA1 /* Nimble.framework */; settings = {ATTRIBUTES = (CodeSignOnCopy, RemoveHeadersOnCopy, ); }; };
		2DD5B7DA1B1B805F00238EA1 /* Quick.framework in Copy Frameworks */ = {isa = PBXBuildFile; fileRef = 2DD5B7C91B1B7D5E00238EA1 /* Quick.framework */; settings = {ATTRIBUTES = (CodeSignOnCopy, RemoveHeadersOnCopy, ); }; };
		2DD5B7DC1B1B829400238EA1 /* NSMutableURLRequest+MultipartDataBuilder.swift in Sources */ = {isa = PBXBuildFile; fileRef = 2DD5B7DB1B1B829400238EA1 /* NSMutableURLRequest+MultipartDataBuilder.swift */; };
		2DD5B7DD1B1B829400238EA1 /* NSMutableURLRequest+MultipartDataBuilder.swift in Sources */ = {isa = PBXBuildFile; fileRef = 2DD5B7DB1B1B829400238EA1 /* NSMutableURLRequest+MultipartDataBuilder.swift */; };
		2DD616191BC41F4500B6FE9D /* LICENSE in Copy LICENSE */ = {isa = PBXBuildFile; fileRef = 2DD616161BC41F3500B6FE9D /* LICENSE */; };
		2DD6161C1BC41F6000B6FE9D /* LICENSE in Copy LICENSE */ = {isa = PBXBuildFile; fileRef = 2DD616161BC41F3500B6FE9D /* LICENSE */; };
		2DE906301CBFBA92003008A6 /* asset_data_source.swift in Sources */ = {isa = PBXBuildFile; fileRef = 2DE9062F1CBFBA92003008A6 /* asset_data_source.swift */; };
		2DE906321CBFBEBC003008A6 /* stream_data_source.swift in Sources */ = {isa = PBXBuildFile; fileRef = 2DE906311CBFBEBC003008A6 /* stream_data_source.swift */; };
		2DE906341CBFCD08003008A6 /* write_output_stream.swift in Sources */ = {isa = PBXBuildFile; fileRef = 2DE906331CBFCD08003008A6 /* write_output_stream.swift */; };
		2DF25AB91CB7CB4C0086EB8E /* walter.png in Copy Fixtures */ = {isa = PBXBuildFile; fileRef = 2DF25AB71CB7CB310086EB8E /* walter.png */; };
		2DF25ABB1CB804AF0086EB8E /* text.txt in Copy Fixtures */ = {isa = PBXBuildFile; fileRef = 2DF25ABA1CB803940086EB8E /* text.txt */; };
		D49596371F82E923009130B2 /* CryptoSwift.framework in Copy Frameworks */ = {isa = PBXBuildFile; fileRef = D49596361F82E910009130B2 /* CryptoSwift.framework */; settings = {ATTRIBUTES = (CodeSignOnCopy, RemoveHeadersOnCopy, ); }; };
		D49596381F82E936009130B2 /* CryptoSwift.framework in Frameworks */ = {isa = PBXBuildFile; fileRef = D49596361F82E910009130B2 /* CryptoSwift.framework */; };
		D4F19CBC1D9ACD4E002048D1 /* multipart_field.swift in Sources */ = {isa = PBXBuildFile; fileRef = 2DBAA74D1CC0E666007F02FB /* multipart_field.swift */; };
		D4F19CBD1D9ACD5D002048D1 /* chunk_datasource.swift in Sources */ = {isa = PBXBuildFile; fileRef = 2DBAA7531CC0E86C007F02FB /* chunk_datasource.swift */; };
		D4F19CBE1D9ACD6C002048D1 /* stream_data_source.swift in Sources */ = {isa = PBXBuildFile; fileRef = 2DE906311CBFBEBC003008A6 /* stream_data_source.swift */; };
		D4F19CBF1D9ACD7C002048D1 /* read_stream.swift in Sources */ = {isa = PBXBuildFile; fileRef = 2DA112951CC29D8900B5D1C4 /* read_stream.swift */; };
		D4F19CC01D9ACD84002048D1 /* write_output_stream.swift in Sources */ = {isa = PBXBuildFile; fileRef = 2DE906331CBFCD08003008A6 /* write_output_stream.swift */; };
		D4F19CC11D9ACD8A002048D1 /* multipart_static_field.swift in Sources */ = {isa = PBXBuildFile; fileRef = 2DBAA74F1CC0E747007F02FB /* multipart_static_field.swift */; };
		D4F19CC21D9ACD95002048D1 /* multipart_stream_field.swift in Sources */ = {isa = PBXBuildFile; fileRef = 2DBAA7571CC0F02C007F02FB /* multipart_stream_field.swift */; };
/* End PBXBuildFile section */

/* Begin PBXContainerItemProxy section */
		2DD5B79A1B1B7C9100238EA1 /* PBXContainerItemProxy */ = {
			isa = PBXContainerItemProxy;
			containerPortal = 2DD5B7841B1B7C9100238EA1 /* Project object */;
			proxyType = 1;
			remoteGlobalIDString = 2DD5B78C1B1B7C9100238EA1;
			remoteInfo = MultipartDataBuilder;
		};
/* End PBXContainerItemProxy section */

/* Begin PBXCopyFilesBuildPhase section */
		2DD5B7D71B1B804700238EA1 /* Copy Frameworks */ = {
			isa = PBXCopyFilesBuildPhase;
			buildActionMask = 2147483647;
			dstPath = "";
			dstSubfolderSpec = 10;
			files = (
				D49596371F82E923009130B2 /* CryptoSwift.framework in Copy Frameworks */,
				2DD5B7D91B1B805F00238EA1 /* Nimble.framework in Copy Frameworks */,
				2DD5B7DA1B1B805F00238EA1 /* Quick.framework in Copy Frameworks */,
			);
			name = "Copy Frameworks";
			runOnlyForDeploymentPostprocessing = 0;
		};
		2DD616151BC41EEE00B6FE9D /* Copy LICENSE */ = {
			isa = PBXCopyFilesBuildPhase;
			buildActionMask = 2147483647;
			dstPath = "";
			dstSubfolderSpec = 7;
			files = (
				2DD616191BC41F4500B6FE9D /* LICENSE in Copy LICENSE */,
			);
			name = "Copy LICENSE";
			runOnlyForDeploymentPostprocessing = 0;
		};
		2DD6161A1BC41F4A00B6FE9D /* Copy LICENSE */ = {
			isa = PBXCopyFilesBuildPhase;
			buildActionMask = 2147483647;
			dstPath = "";
			dstSubfolderSpec = 7;
			files = (
				2DD6161C1BC41F6000B6FE9D /* LICENSE in Copy LICENSE */,
			);
			name = "Copy LICENSE";
			runOnlyForDeploymentPostprocessing = 0;
		};
		2DF25AB81CB7CB450086EB8E /* Copy Fixtures */ = {
			isa = PBXCopyFilesBuildPhase;
			buildActionMask = 2147483647;
			dstPath = "";
			dstSubfolderSpec = 7;
			files = (
				2DF25ABB1CB804AF0086EB8E /* text.txt in Copy Fixtures */,
				2DF25AB91CB7CB4C0086EB8E /* walter.png in Copy Fixtures */,
			);
			name = "Copy Fixtures";
			runOnlyForDeploymentPostprocessing = 0;
		};
/* End PBXCopyFilesBuildPhase section */

/* Begin PBXFileReference section */
		2D1EAFD11BEFC50D006AA9A0 /* utilities.swift */ = {isa = PBXFileReference; fileEncoding = 4; lastKnownFileType = sourcecode.swift; path = utilities.swift; sourceTree = "<group>"; };
		2D2395CF1CA0A80E003C2A65 /* multipart_form_builder.swift */ = {isa = PBXFileReference; fileEncoding = 4; lastKnownFileType = sourcecode.swift; path = multipart_form_builder.swift; sourceTree = "<group>"; };
		2D84CC731CBD2C2900E6EC4A /* input_stream_hash.swift */ = {isa = PBXFileReference; fileEncoding = 4; lastKnownFileType = sourcecode.swift; path = input_stream_hash.swift; sourceTree = "<group>"; };
		2DA112951CC29D8900B5D1C4 /* read_stream.swift */ = {isa = PBXFileReference; fileEncoding = 4; lastKnownFileType = sourcecode.swift; name = read_stream.swift; path = utilities/read_stream.swift; sourceTree = "<group>"; };
		2DA112971CC3B77000B5D1C4 /* input_stream_hash_spec.swift */ = {isa = PBXFileReference; fileEncoding = 4; lastKnownFileType = sourcecode.swift; path = input_stream_hash_spec.swift; sourceTree = "<group>"; };
		2DBAA74D1CC0E666007F02FB /* multipart_field.swift */ = {isa = PBXFileReference; fileEncoding = 4; lastKnownFileType = sourcecode.swift; path = multipart_field.swift; sourceTree = "<group>"; };
		2DBAA74F1CC0E747007F02FB /* multipart_static_field.swift */ = {isa = PBXFileReference; fileEncoding = 4; lastKnownFileType = sourcecode.swift; path = multipart_static_field.swift; sourceTree = "<group>"; };
		2DBAA7511CC0E771007F02FB /* multipart_asset_field.swift */ = {isa = PBXFileReference; fileEncoding = 4; lastKnownFileType = sourcecode.swift; path = multipart_asset_field.swift; sourceTree = "<group>"; };
		2DBAA7531CC0E86C007F02FB /* chunk_datasource.swift */ = {isa = PBXFileReference; fileEncoding = 4; lastKnownFileType = sourcecode.swift; path = chunk_datasource.swift; sourceTree = "<group>"; };
		2DBAA7551CC0EF52007F02FB /* multipart_data_field.swift */ = {isa = PBXFileReference; fileEncoding = 4; lastKnownFileType = sourcecode.swift; path = multipart_data_field.swift; sourceTree = "<group>"; };
		2DBAA7571CC0F02C007F02FB /* multipart_stream_field.swift */ = {isa = PBXFileReference; fileEncoding = 4; lastKnownFileType = sourcecode.swift; path = multipart_stream_field.swift; sourceTree = "<group>"; };
		2DD5B78D1B1B7C9100238EA1 /* MultipartDataBuilder.framework */ = {isa = PBXFileReference; explicitFileType = wrapper.framework; includeInIndex = 0; path = MultipartDataBuilder.framework; sourceTree = BUILT_PRODUCTS_DIR; };
		2DD5B7911B1B7C9100238EA1 /* info.plist */ = {isa = PBXFileReference; lastKnownFileType = text.plist.xml; path = info.plist; sourceTree = "<group>"; };
		2DD5B7921B1B7C9100238EA1 /* MultipartDataBuilder.h */ = {isa = PBXFileReference; lastKnownFileType = sourcecode.c.h; path = MultipartDataBuilder.h; sourceTree = "<group>"; };
		2DD5B7981B1B7C9100238EA1 /* MultipartDataBuilderTests.xctest */ = {isa = PBXFileReference; explicitFileType = wrapper.cfbundle; includeInIndex = 0; path = MultipartDataBuilderTests.xctest; sourceTree = BUILT_PRODUCTS_DIR; };
		2DD5B79E1B1B7C9100238EA1 /* info.plist */ = {isa = PBXFileReference; lastKnownFileType = text.plist.xml; path = info.plist; sourceTree = "<group>"; };
		2DD5B79F1B1B7C9100238EA1 /* multipart_form_spec.swift */ = {isa = PBXFileReference; lastKnownFileType = sourcecode.swift; path = multipart_form_spec.swift; sourceTree = "<group>"; };
		2DD5B7AE1B1B7CB500238EA1 /* MultipartDataBuilder.framework */ = {isa = PBXFileReference; explicitFileType = wrapper.framework; includeInIndex = 0; path = MultipartDataBuilder.framework; sourceTree = BUILT_PRODUCTS_DIR; };
		2DD5B7B11B1B7CB500238EA1 /* info.plist */ = {isa = PBXFileReference; lastKnownFileType = text.plist.xml; path = info.plist; sourceTree = "<group>"; };
		2DD5B7C81B1B7D5E00238EA1 /* Nimble.framework */ = {isa = PBXFileReference; lastKnownFileType = wrapper.framework; path = Nimble.framework; sourceTree = "<group>"; };
		2DD5B7C91B1B7D5E00238EA1 /* Quick.framework */ = {isa = PBXFileReference; lastKnownFileType = wrapper.framework; path = Quick.framework; sourceTree = "<group>"; };
		2DD5B7CE1B1B7DC600238EA1 /* multipart_form.swift */ = {isa = PBXFileReference; fileEncoding = 4; lastKnownFileType = sourcecode.swift; path = multipart_form.swift; sourceTree = "<group>"; };
		2DD5B7D11B1B7E3600238EA1 /* NSCharacterSet+MIME.swift */ = {isa = PBXFileReference; fileEncoding = 4; lastKnownFileType = sourcecode.swift; path = "NSCharacterSet+MIME.swift"; sourceTree = "<group>"; };
		2DD5B7DB1B1B829400238EA1 /* NSMutableURLRequest+MultipartDataBuilder.swift */ = {isa = PBXFileReference; fileEncoding = 4; lastKnownFileType = sourcecode.swift; path = "NSMutableURLRequest+MultipartDataBuilder.swift"; sourceTree = "<group>"; };
		2DD616161BC41F3500B6FE9D /* LICENSE */ = {isa = PBXFileReference; fileEncoding = 4; lastKnownFileType = text; path = LICENSE; sourceTree = "<group>"; };
		2DD616171BC41F3500B6FE9D /* README.md */ = {isa = PBXFileReference; fileEncoding = 4; lastKnownFileType = net.daringfireball.markdown; path = README.md; sourceTree = "<group>"; };
		2DE9062F1CBFBA92003008A6 /* asset_data_source.swift */ = {isa = PBXFileReference; fileEncoding = 4; lastKnownFileType = sourcecode.swift; path = asset_data_source.swift; sourceTree = "<group>"; };
		2DE906311CBFBEBC003008A6 /* stream_data_source.swift */ = {isa = PBXFileReference; fileEncoding = 4; lastKnownFileType = sourcecode.swift; path = stream_data_source.swift; sourceTree = "<group>"; };
		2DE906331CBFCD08003008A6 /* write_output_stream.swift */ = {isa = PBXFileReference; fileEncoding = 4; lastKnownFileType = sourcecode.swift; name = write_output_stream.swift; path = sources/write_output_stream.swift; sourceTree = SOURCE_ROOT; };
		2DF25AB71CB7CB310086EB8E /* walter.png */ = {isa = PBXFileReference; lastKnownFileType = image.png; path = walter.png; sourceTree = "<group>"; };
		2DF25ABA1CB803940086EB8E /* text.txt */ = {isa = PBXFileReference; fileEncoding = 4; lastKnownFileType = text; path = text.txt; sourceTree = "<group>"; };
		D49596361F82E910009130B2 /* CryptoSwift.framework */ = {isa = PBXFileReference; lastKnownFileType = wrapper.framework; path = CryptoSwift.framework; sourceTree = "<group>"; };
/* End PBXFileReference section */

/* Begin PBXFrameworksBuildPhase section */
		2DD5B7891B1B7C9100238EA1 /* Frameworks */ = {
			isa = PBXFrameworksBuildPhase;
			buildActionMask = 2147483647;
			files = (
				D49596381F82E936009130B2 /* CryptoSwift.framework in Frameworks */,
			);
			runOnlyForDeploymentPostprocessing = 0;
		};
		2DD5B7951B1B7C9100238EA1 /* Frameworks */ = {
			isa = PBXFrameworksBuildPhase;
			buildActionMask = 2147483647;
			files = (
				2DD5B7991B1B7C9100238EA1 /* MultipartDataBuilder.framework in Frameworks */,
				2DD5B7CA1B1B7D5E00238EA1 /* Nimble.framework in Frameworks */,
				2DD5B7CB1B1B7D5E00238EA1 /* Quick.framework in Frameworks */,
			);
			runOnlyForDeploymentPostprocessing = 0;
		};
		2DD5B7AA1B1B7CB500238EA1 /* Frameworks */ = {
			isa = PBXFrameworksBuildPhase;
			buildActionMask = 2147483647;
			files = (
			);
			runOnlyForDeploymentPostprocessing = 0;
		};
/* End PBXFrameworksBuildPhase section */

/* Begin PBXGroup section */
		2D763D441BC3544700AD8CA9 /* Sources */ = {
			isa = PBXGroup;
			children = (
				2DA112941CC29C6400B5D1C4 /* Data Sources */,
				2DA112931CC29B3900B5D1C4 /* Utilities */,
				2DA112921CC29ADD00B5D1C4 /* Fields */,
				2DBAA74C1CC0E63B007F02FB /* Protocols */,
				2DD5B7DE1B1B846400238EA1 /* Extensions */,
				2DD5B7CE1B1B7DC600238EA1 /* multipart_form.swift */,
				2D2395CF1CA0A80E003C2A65 /* multipart_form_builder.swift */,
				2D84CC731CBD2C2900E6EC4A /* input_stream_hash.swift */,
			);
			name = Sources;
			path = sources;
			sourceTree = "<group>";
		};
		2DA112921CC29ADD00B5D1C4 /* Fields */ = {
			isa = PBXGroup;
			children = (
				2DBAA74F1CC0E747007F02FB /* multipart_static_field.swift */,
				2DBAA7511CC0E771007F02FB /* multipart_asset_field.swift */,
				2DBAA7551CC0EF52007F02FB /* multipart_data_field.swift */,
				2DBAA7571CC0F02C007F02FB /* multipart_stream_field.swift */,
			);
			name = Fields;
			sourceTree = "<group>";
		};
		2DA112931CC29B3900B5D1C4 /* Utilities */ = {
			isa = PBXGroup;
			children = (
				2D1EAFD11BEFC50D006AA9A0 /* utilities.swift */,
				2DE906331CBFCD08003008A6 /* write_output_stream.swift */,
				2DA112951CC29D8900B5D1C4 /* read_stream.swift */,
			);
			name = Utilities;
			sourceTree = "<group>";
		};
		2DA112941CC29C6400B5D1C4 /* Data Sources */ = {
			isa = PBXGroup;
			children = (
				2DE9062F1CBFBA92003008A6 /* asset_data_source.swift */,
				2DE906311CBFBEBC003008A6 /* stream_data_source.swift */,
			);
			name = "Data Sources";
			sourceTree = "<group>";
		};
		2DBAA74C1CC0E63B007F02FB /* Protocols */ = {
			isa = PBXGroup;
			children = (
				2DBAA74D1CC0E666007F02FB /* multipart_field.swift */,
				2DBAA7531CC0E86C007F02FB /* chunk_datasource.swift */,
			);
			name = Protocols;
			path = protocols;
			sourceTree = "<group>";
		};
		2DD5B7831B1B7C9100238EA1 = {
			isa = PBXGroup;
			children = (
				2DD616161BC41F3500B6FE9D /* LICENSE */,
				2DD616171BC41F3500B6FE9D /* README.md */,
				2D763D441BC3544700AD8CA9 /* Sources */,
				2DD5B7DF1B1B847100238EA1 /* Tests */,
				2DD5B7D41B1B7FDD00238EA1 /* Supporting Files */,
				2DD5B7C71B1B7CE700238EA1 /* Vendor */,
				2DD5B78E1B1B7C9100238EA1 /* Products */,
			);
			indentWidth = 2;
			sourceTree = "<group>";
			tabWidth = 2;
		};
		2DD5B78E1B1B7C9100238EA1 /* Products */ = {
			isa = PBXGroup;
			children = (
				2DD5B78D1B1B7C9100238EA1 /* MultipartDataBuilder.framework */,
				2DD5B7981B1B7C9100238EA1 /* MultipartDataBuilderTests.xctest */,
				2DD5B7AE1B1B7CB500238EA1 /* MultipartDataBuilder.framework */,
			);
			name = Products;
			sourceTree = "<group>";
		};
		2DD5B78F1B1B7C9100238EA1 /* iOS */ = {
			isa = PBXGroup;
			children = (
				2DD5B7911B1B7C9100238EA1 /* info.plist */,
			);
			name = iOS;
			path = ios;
			sourceTree = "<group>";
		};
		2DD5B79C1B1B7C9100238EA1 /* Tests */ = {
			isa = PBXGroup;
			children = (
				2DD5B79E1B1B7C9100238EA1 /* info.plist */,
			);
			name = Tests;
			path = tests;
			sourceTree = "<group>";
		};
		2DD5B7AF1B1B7CB500238EA1 /* Mac */ = {
			isa = PBXGroup;
			children = (
				2DD5B7B11B1B7CB500238EA1 /* info.plist */,
			);
			name = Mac;
			path = mac;
			sourceTree = "<group>";
		};
		2DD5B7C71B1B7CE700238EA1 /* Vendor */ = {
			isa = PBXGroup;
			children = (
				D49596361F82E910009130B2 /* CryptoSwift.framework */,
				2DD5B7C81B1B7D5E00238EA1 /* Nimble.framework */,
				2DD5B7C91B1B7D5E00238EA1 /* Quick.framework */,
			);
			name = Vendor;
			path = Carthage/Build/iOS;
			sourceTree = "<group>";
		};
		2DD5B7D41B1B7FDD00238EA1 /* Supporting Files */ = {
			isa = PBXGroup;
			children = (
				2DD5B7921B1B7C9100238EA1 /* MultipartDataBuilder.h */,
				2DD5B78F1B1B7C9100238EA1 /* iOS */,
				2DD5B7AF1B1B7CB500238EA1 /* Mac */,
				2DD5B79C1B1B7C9100238EA1 /* Tests */,
			);
			name = "Supporting Files";
			path = supporting_files;
			sourceTree = "<group>";
		};
		2DD5B7DE1B1B846400238EA1 /* Extensions */ = {
			isa = PBXGroup;
			children = (
				2DD5B7DB1B1B829400238EA1 /* NSMutableURLRequest+MultipartDataBuilder.swift */,
				2DD5B7D11B1B7E3600238EA1 /* NSCharacterSet+MIME.swift */,
			);
			name = Extensions;
			path = extensions;
			sourceTree = "<group>";
		};
		2DD5B7DF1B1B847100238EA1 /* Tests */ = {
			isa = PBXGroup;
			children = (
				2DF25AB61CB7CAF40086EB8E /* Fixtures */,
				2DD5B79F1B1B7C9100238EA1 /* multipart_form_spec.swift */,
				2DA112971CC3B77000B5D1C4 /* input_stream_hash_spec.swift */,
			);
			name = Tests;
			path = tests;
			sourceTree = "<group>";
		};
		2DF25AB61CB7CAF40086EB8E /* Fixtures */ = {
			isa = PBXGroup;
			children = (
				2DF25AB71CB7CB310086EB8E /* walter.png */,
				2DF25ABA1CB803940086EB8E /* text.txt */,
			);
			name = Fixtures;
			path = fixtures;
			sourceTree = "<group>";
		};
/* End PBXGroup section */

/* Begin PBXHeadersBuildPhase section */
		2DD5B78A1B1B7C9100238EA1 /* Headers */ = {
			isa = PBXHeadersBuildPhase;
			buildActionMask = 2147483647;
			files = (
				2DD5B7931B1B7C9100238EA1 /* MultipartDataBuilder.h in Headers */,
			);
			runOnlyForDeploymentPostprocessing = 0;
		};
		2DD5B7AB1B1B7CB500238EA1 /* Headers */ = {
			isa = PBXHeadersBuildPhase;
			buildActionMask = 2147483647;
			files = (
				2D763D451BC355E600AD8CA9 /* MultipartDataBuilder.h in Headers */,
			);
			runOnlyForDeploymentPostprocessing = 0;
		};
/* End PBXHeadersBuildPhase section */

/* Begin PBXNativeTarget section */
		2DD5B78C1B1B7C9100238EA1 /* MultipartDataBuilder-iOS */ = {
			isa = PBXNativeTarget;
			buildConfigurationList = 2DD5B7A31B1B7C9100238EA1 /* Build configuration list for PBXNativeTarget "MultipartDataBuilder-iOS" */;
			buildPhases = (
				2DD5B7881B1B7C9100238EA1 /* Sources */,
				2DD5B7891B1B7C9100238EA1 /* Frameworks */,
				2DD5B78A1B1B7C9100238EA1 /* Headers */,
				2DD616151BC41EEE00B6FE9D /* Copy LICENSE */,
			);
			buildRules = (
			);
			dependencies = (
			);
			name = "MultipartDataBuilder-iOS";
			productName = MultipartDataBuilder;
			productReference = 2DD5B78D1B1B7C9100238EA1 /* MultipartDataBuilder.framework */;
			productType = "com.apple.product-type.framework";
		};
		2DD5B7971B1B7C9100238EA1 /* MultipartDataBuilderTests */ = {
			isa = PBXNativeTarget;
			buildConfigurationList = 2DD5B7A61B1B7C9100238EA1 /* Build configuration list for PBXNativeTarget "MultipartDataBuilderTests" */;
			buildPhases = (
				2DD5B7941B1B7C9100238EA1 /* Sources */,
				2DD5B7951B1B7C9100238EA1 /* Frameworks */,
				2DD5B7D71B1B804700238EA1 /* Copy Frameworks */,
				2DF25AB81CB7CB450086EB8E /* Copy Fixtures */,
			);
			buildRules = (
			);
			dependencies = (
				2DD5B79B1B1B7C9100238EA1 /* PBXTargetDependency */,
			);
			name = MultipartDataBuilderTests;
			productName = MultipartDataBuilderTests;
			productReference = 2DD5B7981B1B7C9100238EA1 /* MultipartDataBuilderTests.xctest */;
			productType = "com.apple.product-type.bundle.unit-test";
		};
		2DD5B7AD1B1B7CB500238EA1 /* MultipartDataBuilder-Mac */ = {
			isa = PBXNativeTarget;
			buildConfigurationList = 2DD5B7C11B1B7CB500238EA1 /* Build configuration list for PBXNativeTarget "MultipartDataBuilder-Mac" */;
			buildPhases = (
				2DD5B7A91B1B7CB500238EA1 /* Sources */,
				2DD5B7AA1B1B7CB500238EA1 /* Frameworks */,
				2DD5B7AB1B1B7CB500238EA1 /* Headers */,
				2DD6161A1BC41F4A00B6FE9D /* Copy LICENSE */,
			);
			buildRules = (
			);
			dependencies = (
			);
			name = "MultipartDataBuilder-Mac";
			productName = "MultipartDataBuilder-OSX";
			productReference = 2DD5B7AE1B1B7CB500238EA1 /* MultipartDataBuilder.framework */;
			productType = "com.apple.product-type.framework";
		};
/* End PBXNativeTarget section */

/* Begin PBXProject section */
		2DD5B7841B1B7C9100238EA1 /* Project object */ = {
			isa = PBXProject;
			attributes = {
				LastSwiftMigration = 0700;
				LastSwiftUpdateCheck = 0700;
				LastUpgradeCheck = 0800;
				ORGANIZATIONNAME = Flow;
				TargetAttributes = {
					2DD5B78C1B1B7C9100238EA1 = {
						CreatedOnToolsVersion = 6.3.2;
						LastSwiftMigration = 0800;
					};
					2DD5B7971B1B7C9100238EA1 = {
						CreatedOnToolsVersion = 6.3.2;
						LastSwiftMigration = 0800;
					};
					2DD5B7AD1B1B7CB500238EA1 = {
						CreatedOnToolsVersion = 6.3.2;
						LastSwiftMigration = 0800;
					};
				};
			};
			buildConfigurationList = 2DD5B7871B1B7C9100238EA1 /* Build configuration list for PBXProject "MultipartDataBuilder" */;
			compatibilityVersion = "Xcode 3.2";
			developmentRegion = English;
			hasScannedForEncodings = 0;
			knownRegions = (
				en,
			);
			mainGroup = 2DD5B7831B1B7C9100238EA1;
			productRefGroup = 2DD5B78E1B1B7C9100238EA1 /* Products */;
			projectDirPath = "";
			projectRoot = "";
			targets = (
				2DD5B78C1B1B7C9100238EA1 /* MultipartDataBuilder-iOS */,
				2DD5B7AD1B1B7CB500238EA1 /* MultipartDataBuilder-Mac */,
				2DD5B7971B1B7C9100238EA1 /* MultipartDataBuilderTests */,
			);
		};
/* End PBXProject section */

/* Begin PBXSourcesBuildPhase section */
		2DD5B7881B1B7C9100238EA1 /* Sources */ = {
			isa = PBXSourcesBuildPhase;
			buildActionMask = 2147483647;
			files = (
				2DBAA7541CC0E86C007F02FB /* chunk_datasource.swift in Sources */,
				2DE906341CBFCD08003008A6 /* write_output_stream.swift in Sources */,
				2D84CC741CBD2C2900E6EC4A /* input_stream_hash.swift in Sources */,
				2DBAA7521CC0E771007F02FB /* multipart_asset_field.swift in Sources */,
				2D1EAFD21BEFC50D006AA9A0 /* utilities.swift in Sources */,
				2DA112961CC29D8900B5D1C4 /* read_stream.swift in Sources */,
				2DE906301CBFBA92003008A6 /* asset_data_source.swift in Sources */,
				2DBAA7581CC0F02C007F02FB /* multipart_stream_field.swift in Sources */,
				2DE906321CBFBEBC003008A6 /* stream_data_source.swift in Sources */,
				2DD5B7CF1B1B7DC600238EA1 /* multipart_form.swift in Sources */,
				2DBAA7501CC0E747007F02FB /* multipart_static_field.swift in Sources */,
				2DD5B7DC1B1B829400238EA1 /* NSMutableURLRequest+MultipartDataBuilder.swift in Sources */,
				2DBAA7561CC0EF52007F02FB /* multipart_data_field.swift in Sources */,
				2DD5B7D21B1B7E3600238EA1 /* NSCharacterSet+MIME.swift in Sources */,
				2D2395D01CA0A80E003C2A65 /* multipart_form_builder.swift in Sources */,
				2DBAA74E1CC0E666007F02FB /* multipart_field.swift in Sources */,
			);
			runOnlyForDeploymentPostprocessing = 0;
		};
		2DD5B7941B1B7C9100238EA1 /* Sources */ = {
			isa = PBXSourcesBuildPhase;
			buildActionMask = 2147483647;
			files = (
				2DD5B7A01B1B7C9100238EA1 /* multipart_form_spec.swift in Sources */,
				2DA112991CC3B84D00B5D1C4 /* input_stream_hash_spec.swift in Sources */,
				2DD5B7D61B1B7FEB00238EA1 /* NSCharacterSet+MIME.swift in Sources */,
			);
			runOnlyForDeploymentPostprocessing = 0;
		};
		2DD5B7A91B1B7CB500238EA1 /* Sources */ = {
			isa = PBXSourcesBuildPhase;
			buildActionMask = 2147483647;
			files = (
				D4F19CC01D9ACD84002048D1 /* write_output_stream.swift in Sources */,
				D4F19CBE1D9ACD6C002048D1 /* stream_data_source.swift in Sources */,
				D4F19CBD1D9ACD5D002048D1 /* chunk_datasource.swift in Sources */,
				D4F19CC21D9ACD95002048D1 /* multipart_stream_field.swift in Sources */,
				2D1EAFD31BEFC50D006AA9A0 /* utilities.swift in Sources */,
				D4F19CBF1D9ACD7C002048D1 /* read_stream.swift in Sources */,
				2DD5B7D01B1B7DC600238EA1 /* multipart_form.swift in Sources */,
				2DD5B7DD1B1B829400238EA1 /* NSMutableURLRequest+MultipartDataBuilder.swift in Sources */,
				D4F19CC11D9ACD8A002048D1 /* multipart_static_field.swift in Sources */,
				2DD5B7D31B1B7E3600238EA1 /* NSCharacterSet+MIME.swift in Sources */,
				2D2395D11CA0A80E003C2A65 /* multipart_form_builder.swift in Sources */,
				D4F19CBC1D9ACD4E002048D1 /* multipart_field.swift in Sources */,
			);
			runOnlyForDeploymentPostprocessing = 0;
		};
/* End PBXSourcesBuildPhase section */

/* Begin PBXTargetDependency section */
		2DD5B79B1B1B7C9100238EA1 /* PBXTargetDependency */ = {
			isa = PBXTargetDependency;
			target = 2DD5B78C1B1B7C9100238EA1 /* MultipartDataBuilder-iOS */;
			targetProxy = 2DD5B79A1B1B7C9100238EA1 /* PBXContainerItemProxy */;
		};
/* End PBXTargetDependency section */

/* Begin XCBuildConfiguration section */
		2DD5B7A11B1B7C9100238EA1 /* Debug */ = {
			isa = XCBuildConfiguration;
			buildSettings = {
				ALWAYS_SEARCH_USER_PATHS = NO;
				CLANG_CXX_LANGUAGE_STANDARD = "gnu++0x";
				CLANG_CXX_LIBRARY = "libc++";
				CLANG_ENABLE_MODULES = YES;
				CLANG_ENABLE_OBJC_ARC = YES;
				CLANG_WARN_BOOL_CONVERSION = YES;
				CLANG_WARN_CONSTANT_CONVERSION = YES;
				CLANG_WARN_DIRECT_OBJC_ISA_USAGE = YES_ERROR;
				CLANG_WARN_EMPTY_BODY = YES;
				CLANG_WARN_ENUM_CONVERSION = YES;
				CLANG_WARN_INFINITE_RECURSION = YES;
				CLANG_WARN_INT_CONVERSION = YES;
				CLANG_WARN_OBJC_ROOT_CLASS = YES_ERROR;
				CLANG_WARN_SUSPICIOUS_MOVE = YES;
				CLANG_WARN_UNREACHABLE_CODE = YES;
				CLANG_WARN__DUPLICATE_METHOD_MATCH = YES;
				"CODE_SIGN_IDENTITY[sdk=iphoneos*]" = "iPhone Developer";
				COPY_PHASE_STRIP = NO;
				CURRENT_PROJECT_VERSION = 1;
				DEBUG_INFORMATION_FORMAT = "dwarf-with-dsym";
				ENABLE_STRICT_OBJC_MSGSEND = YES;
				ENABLE_TESTABILITY = YES;
				GCC_C_LANGUAGE_STANDARD = gnu99;
				GCC_DYNAMIC_NO_PIC = NO;
				GCC_NO_COMMON_BLOCKS = YES;
				GCC_OPTIMIZATION_LEVEL = 0;
				GCC_PREPROCESSOR_DEFINITIONS = (
					"DEBUG=1",
					"$(inherited)",
				);
				GCC_SYMBOLS_PRIVATE_EXTERN = NO;
				GCC_WARN_64_TO_32_BIT_CONVERSION = YES;
				GCC_WARN_ABOUT_RETURN_TYPE = YES_ERROR;
				GCC_WARN_UNDECLARED_SELECTOR = YES;
				GCC_WARN_UNINITIALIZED_AUTOS = YES_AGGRESSIVE;
				GCC_WARN_UNUSED_FUNCTION = YES;
				GCC_WARN_UNUSED_VARIABLE = YES;
				IPHONEOS_DEPLOYMENT_TARGET = 9.0;
				MTL_ENABLE_DEBUG_INFO = YES;
				ONLY_ACTIVE_ARCH = YES;
				SDKROOT = iphoneos;
				SWIFT_OPTIMIZATION_LEVEL = "-Onone";
				TARGETED_DEVICE_FAMILY = "1,2";
				VERSIONING_SYSTEM = "apple-generic";
				VERSION_INFO_PREFIX = "";
			};
			name = Debug;
		};
		2DD5B7A21B1B7C9100238EA1 /* Release */ = {
			isa = XCBuildConfiguration;
			buildSettings = {
				ALWAYS_SEARCH_USER_PATHS = NO;
				CLANG_CXX_LANGUAGE_STANDARD = "gnu++0x";
				CLANG_CXX_LIBRARY = "libc++";
				CLANG_ENABLE_MODULES = YES;
				CLANG_ENABLE_OBJC_ARC = YES;
				CLANG_WARN_BOOL_CONVERSION = YES;
				CLANG_WARN_CONSTANT_CONVERSION = YES;
				CLANG_WARN_DIRECT_OBJC_ISA_USAGE = YES_ERROR;
				CLANG_WARN_EMPTY_BODY = YES;
				CLANG_WARN_ENUM_CONVERSION = YES;
				CLANG_WARN_INFINITE_RECURSION = YES;
				CLANG_WARN_INT_CONVERSION = YES;
				CLANG_WARN_OBJC_ROOT_CLASS = YES_ERROR;
				CLANG_WARN_SUSPICIOUS_MOVE = YES;
				CLANG_WARN_UNREACHABLE_CODE = YES;
				CLANG_WARN__DUPLICATE_METHOD_MATCH = YES;
				"CODE_SIGN_IDENTITY[sdk=iphoneos*]" = "iPhone Developer";
				COPY_PHASE_STRIP = NO;
				CURRENT_PROJECT_VERSION = 1;
				DEBUG_INFORMATION_FORMAT = "dwarf-with-dsym";
				ENABLE_NS_ASSERTIONS = NO;
				ENABLE_STRICT_OBJC_MSGSEND = YES;
				GCC_C_LANGUAGE_STANDARD = gnu99;
				GCC_NO_COMMON_BLOCKS = YES;
				GCC_WARN_64_TO_32_BIT_CONVERSION = YES;
				GCC_WARN_ABOUT_RETURN_TYPE = YES_ERROR;
				GCC_WARN_UNDECLARED_SELECTOR = YES;
				GCC_WARN_UNINITIALIZED_AUTOS = YES_AGGRESSIVE;
				GCC_WARN_UNUSED_FUNCTION = YES;
				GCC_WARN_UNUSED_VARIABLE = YES;
				IPHONEOS_DEPLOYMENT_TARGET = 9.0;
				MTL_ENABLE_DEBUG_INFO = NO;
				SDKROOT = iphoneos;
				SWIFT_OPTIMIZATION_LEVEL = "-Owholemodule";
				TARGETED_DEVICE_FAMILY = "1,2";
				VALIDATE_PRODUCT = YES;
				VERSIONING_SYSTEM = "apple-generic";
				VERSION_INFO_PREFIX = "";
			};
			name = Release;
		};
		2DD5B7A41B1B7C9100238EA1 /* Debug */ = {
			isa = XCBuildConfiguration;
			buildSettings = {
				CLANG_ENABLE_MODULES = YES;
				"CODE_SIGN_IDENTITY[sdk=iphoneos*]" = "";
				DEFINES_MODULE = YES;
				DYLIB_COMPATIBILITY_VERSION = 1;
				DYLIB_CURRENT_VERSION = 1;
				DYLIB_INSTALL_NAME_BASE = "@rpath";
				FRAMEWORK_SEARCH_PATHS = (
					"$(inherited)",
					"$(PROJECT_DIR)/Carthage/Build/iOS",
				);
				INFOPLIST_FILE = "$(SRCROOT)/supporting_files/iOS/info.plist";
				INSTALL_PATH = "$(LOCAL_LIBRARY_DIR)/Frameworks";
				IPHONEOS_DEPLOYMENT_TARGET = 9.0;
				LD_RUNPATH_SEARCH_PATHS = "$(inherited) @executable_path/Frameworks @loader_path/Frameworks";
				PRODUCT_BUNDLE_IDENTIFIER = "com.getflow.$(PRODUCT_NAME:rfc1034identifier)";
				PRODUCT_NAME = MultipartDataBuilder;
				SKIP_INSTALL = YES;
				SWIFT_OPTIMIZATION_LEVEL = "-Onone";
				SWIFT_VERSION = 3.0;
			};
			name = Debug;
		};
		2DD5B7A51B1B7C9100238EA1 /* Release */ = {
			isa = XCBuildConfiguration;
			buildSettings = {
				CLANG_ENABLE_MODULES = YES;
				"CODE_SIGN_IDENTITY[sdk=iphoneos*]" = "";
				DEFINES_MODULE = YES;
				DYLIB_COMPATIBILITY_VERSION = 1;
				DYLIB_CURRENT_VERSION = 1;
				DYLIB_INSTALL_NAME_BASE = "@rpath";
				FRAMEWORK_SEARCH_PATHS = (
					"$(inherited)",
					"$(PROJECT_DIR)/Carthage/Build/iOS",
				);
				INFOPLIST_FILE = "$(SRCROOT)/supporting_files/iOS/info.plist";
				INSTALL_PATH = "$(LOCAL_LIBRARY_DIR)/Frameworks";
				IPHONEOS_DEPLOYMENT_TARGET = 9.0;
				LD_RUNPATH_SEARCH_PATHS = "$(inherited) @executable_path/Frameworks @loader_path/Frameworks";
				PRODUCT_BUNDLE_IDENTIFIER = "com.getflow.$(PRODUCT_NAME:rfc1034identifier)";
				PRODUCT_NAME = MultipartDataBuilder;
				SKIP_INSTALL = YES;
				SWIFT_VERSION = 3.0;
			};
			name = Release;
		};
		2DD5B7A71B1B7C9100238EA1 /* Debug */ = {
			isa = XCBuildConfiguration;
			buildSettings = {
				FRAMEWORK_SEARCH_PATHS = (
					"$(inherited)",
					"$(PROJECT_DIR)/Carthage/Build/iOS",
				);
				GCC_PREPROCESSOR_DEFINITIONS = (
					"DEBUG=1",
					"$(inherited)",
				);
				INFOPLIST_FILE = "$(SRCROOT)/supporting_files/Tests/info.plist";
				LD_RUNPATH_SEARCH_PATHS = "$(inherited) @executable_path/Frameworks @loader_path/Frameworks";
				PRODUCT_BUNDLE_IDENTIFIER = com.getflow.tests;
				PRODUCT_NAME = "$(TARGET_NAME)";
				SWIFT_VERSION = 3.0;
			};
			name = Debug;
		};
		2DD5B7A81B1B7C9100238EA1 /* Release */ = {
			isa = XCBuildConfiguration;
			buildSettings = {
				FRAMEWORK_SEARCH_PATHS = (
					"$(inherited)",
					"$(PROJECT_DIR)/Carthage/Build/iOS",
				);
				INFOPLIST_FILE = "$(SRCROOT)/supporting_files/Tests/info.plist";
				LD_RUNPATH_SEARCH_PATHS = "$(inherited) @executable_path/Frameworks @loader_path/Frameworks";
				PRODUCT_BUNDLE_IDENTIFIER = com.getflow.tests;
				PRODUCT_NAME = "$(TARGET_NAME)";
				SWIFT_VERSION = 3.0;
			};
			name = Release;
		};
		2DD5B7C21B1B7CB500238EA1 /* Debug */ = {
			isa = XCBuildConfiguration;
			buildSettings = {
				CLANG_ENABLE_MODULES = YES;
				COMBINE_HIDPI_IMAGES = YES;
				DEBUG_INFORMATION_FORMAT = dwarf;
				DEFINES_MODULE = YES;
				DYLIB_COMPATIBILITY_VERSION = 1;
				DYLIB_CURRENT_VERSION = 1;
				DYLIB_INSTALL_NAME_BASE = "@rpath";
				FRAMEWORK_VERSION = A;
				GCC_PREPROCESSOR_DEFINITIONS = (
					"DEBUG=1",
					"$(inherited)",
				);
				INFOPLIST_FILE = "$(SRCROOT)/supporting_files/Mac/info.plist";
				INSTALL_PATH = "$(LOCAL_LIBRARY_DIR)/Frameworks";
				LD_RUNPATH_SEARCH_PATHS = "$(inherited) @executable_path/../Frameworks @loader_path/Frameworks";
				MACOSX_DEPLOYMENT_TARGET = 10.10;
				PRODUCT_BUNDLE_IDENTIFIER = "com.getflow.$(PRODUCT_NAME:rfc1034identifier)";
				PRODUCT_NAME = MultipartDataBuilder;
				SDKROOT = macosx;
				SKIP_INSTALL = YES;
				SWIFT_OPTIMIZATION_LEVEL = "-Onone";
				SWIFT_VERSION = 3.0;
			};
			name = Debug;
		};
		2DD5B7C31B1B7CB500238EA1 /* Release */ = {
			isa = XCBuildConfiguration;
			buildSettings = {
				CLANG_ENABLE_MODULES = YES;
				COMBINE_HIDPI_IMAGES = YES;
				DEFINES_MODULE = YES;
				DYLIB_COMPATIBILITY_VERSION = 1;
				DYLIB_CURRENT_VERSION = 1;
				DYLIB_INSTALL_NAME_BASE = "@rpath";
				FRAMEWORK_VERSION = A;
				INFOPLIST_FILE = "$(SRCROOT)/supporting_files/Mac/info.plist";
				INSTALL_PATH = "$(LOCAL_LIBRARY_DIR)/Frameworks";
				LD_RUNPATH_SEARCH_PATHS = "$(inherited) @executable_path/../Frameworks @loader_path/Frameworks";
				MACOSX_DEPLOYMENT_TARGET = 10.10;
				PRODUCT_BUNDLE_IDENTIFIER = "com.getflow.$(PRODUCT_NAME:rfc1034identifier)";
				PRODUCT_NAME = MultipartDataBuilder;
				SDKROOT = macosx;
				SKIP_INSTALL = YES;
				SWIFT_VERSION = 3.0;
			};
			name = Release;
		};
/* End XCBuildConfiguration section */

/* Begin XCConfigurationList section */
		2DD5B7871B1B7C9100238EA1 /* Build configuration list for PBXProject "MultipartDataBuilder" */ = {
			isa = XCConfigurationList;
			buildConfigurations = (
				2DD5B7A11B1B7C9100238EA1 /* Debug */,
				2DD5B7A21B1B7C9100238EA1 /* Release */,
			);
			defaultConfigurationIsVisible = 0;
			defaultConfigurationName = Release;
		};
		2DD5B7A31B1B7C9100238EA1 /* Build configuration list for PBXNativeTarget "MultipartDataBuilder-iOS" */ = {
			isa = XCConfigurationList;
			buildConfigurations = (
				2DD5B7A41B1B7C9100238EA1 /* Debug */,
				2DD5B7A51B1B7C9100238EA1 /* Release */,
			);
			defaultConfigurationIsVisible = 0;
			defaultConfigurationName = Release;
		};
		2DD5B7A61B1B7C9100238EA1 /* Build configuration list for PBXNativeTarget "MultipartDataBuilderTests" */ = {
			isa = XCConfigurationList;
			buildConfigurations = (
				2DD5B7A71B1B7C9100238EA1 /* Debug */,
				2DD5B7A81B1B7C9100238EA1 /* Release */,
			);
			defaultConfigurationIsVisible = 0;
			defaultConfigurationName = Release;
		};
		2DD5B7C11B1B7CB500238EA1 /* Build configuration list for PBXNativeTarget "MultipartDataBuilder-Mac" */ = {
			isa = XCConfigurationList;
			buildConfigurations = (
				2DD5B7C21B1B7CB500238EA1 /* Debug */,
				2DD5B7C31B1B7CB500238EA1 /* Release */,
			);
			defaultConfigurationIsVisible = 0;
			defaultConfigurationName = Release;
		};
/* End XCConfigurationList section */
	};
	rootObject = 2DD5B7841B1B7C9100238EA1 /* Project object */;
}
